
Microsoft Visual Studio Solution File, Format Version 12.00
# Visual Studio Version 16
VisualStudioVersion = 16.0.30717.126
MinimumVisualStudioVersion = 10.0.40219.1
Project("{FAE04EC0-301F-11D3-BF4B-00C04F79EFBC}") = "Coffeshop", "Coffeshop\Coffeshop.csproj", "{5156AB61-6531-448F-929F-147A68034805}"
EndProject
Global
	GlobalSection(SolutionConfigurationPlatforms) = preSolution
		Debug|Any CPU = Debug|Any CPU
		Release|Any CPU = Release|Any CPU
	EndGlobalSection
	GlobalSection(ProjectConfigurationPlatforms) = postSolution
		{5156AB61-6531-448F-929F-147A68034805}.Debug|Any CPU.ActiveCfg = Debug|Any CPU
		{5156AB61-6531-448F-929F-147A68034805}.Debug|Any CPU.Build.0 = Debug|Any CPU
		{5156AB61-6531-448F-929F-147A68034805}.Release|Any CPU.ActiveCfg = Release|Any CPU
		{5156AB61-6531-448F-929F-147A68034805}.Release|Any CPU.Build.0 = Release|Any CPU
	EndGlobalSection
	GlobalSection(SolutionProperties) = preSolution
		HideSolutionNode = FALSE
	EndGlobalSection
	GlobalSection(ExtensibilityGlobals) = postSolution
		SolutionGuid = {AA48DCC4-D540-4A46-B5F2-F82258C87F1B}
	EndGlobalSection
EndGlobal
